
Microsoft Visual Studio Solution File, Format Version 12.00
# Visual Studio 15
VisualStudioVersion = 15.0.28010.0
MinimumVisualStudioVersion = 10.0.40219.1
Project("{FAE04EC0-301F-11D3-BF4B-00C04F79EFBC}") = "CainAdmin", "CainAdmin\CainAdmin.csproj", "{A8DC974A-456F-4F96-897D-4F2500F62069}"
EndProject
Global
	GlobalSection(SolutionConfigurationPlatforms) = preSolution
		Debug|Any CPU = Debug|Any CPU
		Release|Any CPU = Release|Any CPU
	EndGlobalSection
	GlobalSection(ProjectConfigurationPlatforms) = postSolution
		{A8DC974A-456F-4F96-897D-4F2500F62069}.Debug|Any CPU.ActiveCfg = Debug|Any CPU
		{A8DC974A-456F-4F96-897D-4F2500F62069}.Debug|Any CPU.Build.0 = Debug|Any CPU
		{A8DC974A-456F-4F96-897D-4F2500F62069}.Release|Any CPU.ActiveCfg = Release|Any CPU
		{A8DC974A-456F-4F96-897D-4F2500F62069}.Release|Any CPU.Build.0 = Release|Any CPU
	EndGlobalSection
	GlobalSection(SolutionProperties) = preSolution
		HideSolutionNode = FALSE
	EndGlobalSection
	GlobalSection(ExtensibilityGlobals) = postSolution
		SolutionGuid = {6C368C3F-67C1-465A-8A88-2327F5F8BA55}
	EndGlobalSection
EndGlobal
